// !$*UTF8*$!
{
	archiveVersion = 1;
	classes = {
	};
	objectVersion = 48;
	objects = {

/* Begin PBXBuildFile section */
		B634F4DF20AAD31B007E4E8F /* parset.c in Sources */ = {isa = PBXBuildFile; fileRef = B634F4DE20AAD31B007E4E8F /* parset.c */; };
		B634FE7620AC0804007E4E8F /* stream.c in Sources */ = {isa = PBXBuildFile; fileRef = B634FE7520AC0804007E4E8F /* stream.c */; };
		B634FE7920AC083B007E4E8F /* nalu.c in Sources */ = {isa = PBXBuildFile; fileRef = B634FE7820AC083B007E4E8F /* nalu.c */; };
		B634FE7D20AC0BEF007E4E8F /* decode.c in Sources */ = {isa = PBXBuildFile; fileRef = B634FE7C20AC0BEF007E4E8F /* decode.c */; };
		B634FE8220AE6892007E4E8F /* header.c in Sources */ = {isa = PBXBuildFile; fileRef = B634FE8120AE6892007E4E8F /* header.c */; };
		B634FE8520AE876A007E4E8F /* slice.c in Sources */ = {isa = PBXBuildFile; fileRef = B634FE8420AE876A007E4E8F /* slice.c */; };
/* End PBXBuildFile section */

/* Begin PBXCopyFilesBuildPhase section */
		B664917A20790BBE0068133A /* CopyFiles */ = {
			isa = PBXCopyFilesBuildPhase;
			buildActionMask = 2147483647;
			dstPath = /usr/share/man/man1/;
			dstSubfolderSpec = 0;
			files = (
			);
			runOnlyForDeploymentPostprocessing = 1;
		};
/* End PBXCopyFilesBuildPhase section */

/* Begin PBXFileReference section */
		B634F4C920A58FC2007E4E8F /* bs.h */ = {isa = PBXFileReference; lastKnownFileType = sourcecode.c.h; path = bs.h; sourceTree = "<group>"; };
		B634F4DD20AAD31B007E4E8F /* parset.h */ = {isa = PBXFileReference; lastKnownFileType = sourcecode.c.h; path = parset.h; sourceTree = "<group>"; };
		B634F4DE20AAD31B007E4E8F /* parset.c */ = {isa = PBXFileReference; lastKnownFileType = sourcecode.c.c; path = parset.c; sourceTree = "<group>"; };
		B634FE7120ABCE90007E4E8F /* frame.h */ = {isa = PBXFileReference; lastKnownFileType = sourcecode.c.h; path = frame.h; sourceTree = "<group>"; };
		B634FE7420AC0804007E4E8F /* stream.h */ = {isa = PBXFileReference; lastKnownFileType = sourcecode.c.h; path = stream.h; sourceTree = "<group>"; };
		B634FE7520AC0804007E4E8F /* stream.c */ = {isa = PBXFileReference; lastKnownFileType = sourcecode.c.c; path = stream.c; sourceTree = "<group>"; };
		B634FE7720AC083B007E4E8F /* nalu.h */ = {isa = PBXFileReference; lastKnownFileType = sourcecode.c.h; path = nalu.h; sourceTree = "<group>"; };
		B634FE7820AC083B007E4E8F /* nalu.c */ = {isa = PBXFileReference; lastKnownFileType = sourcecode.c.c; path = nalu.c; sourceTree = "<group>"; };
		B634FE7C20AC0BEF007E4E8F /* decode.c */ = {isa = PBXFileReference; lastKnownFileType = sourcecode.c.c; path = decode.c; sourceTree = "<group>"; };
		B634FE8020AE6892007E4E8F /* header.h */ = {isa = PBXFileReference; lastKnownFileType = sourcecode.c.h; path = header.h; sourceTree = "<group>"; };
		B634FE8120AE6892007E4E8F /* header.c */ = {isa = PBXFileReference; lastKnownFileType = sourcecode.c.c; path = header.c; sourceTree = "<group>"; };
		B634FE8320AE876A007E4E8F /* slice.h */ = {isa = PBXFileReference; lastKnownFileType = sourcecode.c.h; path = slice.h; sourceTree = "<group>"; };
		B634FE8420AE876A007E4E8F /* slice.c */ = {isa = PBXFileReference; lastKnownFileType = sourcecode.c.c; path = slice.c; sourceTree = "<group>"; };
		B664917C20790BBE0068133A /* H264Analysis */ = {isa = PBXFileReference; explicitFileType = "compiled.mach-o.executable"; includeInIndex = 0; path = H264Analysis; sourceTree = BUILT_PRODUCTS_DIR; };
/* End PBXFileReference section */

/* Begin PBXFrameworksBuildPhase section */
		B664917920790BBE0068133A /* Frameworks */ = {
			isa = PBXFrameworksBuildPhase;
			buildActionMask = 2147483647;
			files = (
			);
			runOnlyForDeploymentPostprocessing = 0;
		};
/* End PBXFrameworksBuildPhase section */

/* Begin PBXGroup section */
		B664917320790BBE0068133A = {
			isa = PBXGroup;
			children = (
				B664917E20790BBE0068133A /* H264Analysis */,
				B664917D20790BBE0068133A /* Products */,
			);
			sourceTree = "<group>";
		};
		B664917D20790BBE0068133A /* Products */ = {
			isa = PBXGroup;
			children = (
				B664917C20790BBE0068133A /* H264Analysis */,
			);
			name = Products;
			sourceTree = "<group>";
		};
		B664917E20790BBE0068133A /* H264Analysis */ = {
			isa = PBXGroup;
			children = (
				B634FE7C20AC0BEF007E4E8F /* decode.c */,
				B634FE7720AC083B007E4E8F /* nalu.h */,
				B634FE7820AC083B007E4E8F /* nalu.c */,
				B634FE7420AC0804007E4E8F /* stream.h */,
				B634FE7520AC0804007E4E8F /* stream.c */,
				B634F4DD20AAD31B007E4E8F /* parset.h */,
				B634F4DE20AAD31B007E4E8F /* parset.c */,
				B634FE8020AE6892007E4E8F /* header.h */,
				B634FE8120AE6892007E4E8F /* header.c */,
				B634FE8320AE876A007E4E8F /* slice.h */,
				B634FE8420AE876A007E4E8F /* slice.c */,
				B634F4C920A58FC2007E4E8F /* bs.h */,
				B634FE7120ABCE90007E4E8F /* frame.h */,
			);
			path = H264Analysis;
			sourceTree = "<group>";
		};
/* End PBXGroup section */

/* Begin PBXNativeTarget section */
		B664917B20790BBE0068133A /* H264Analysis */ = {
			isa = PBXNativeTarget;
			buildConfigurationList = B664918320790BBE0068133A /* Build configuration list for PBXNativeTarget "H264Analysis" */;
			buildPhases = (
				B664917820790BBE0068133A /* Sources */,
				B664917920790BBE0068133A /* Frameworks */,
				B664917A20790BBE0068133A /* CopyFiles */,
			);
			buildRules = (
			);
			dependencies = (
			);
			name = H264Analysis;
			productName = H264Analysis;
			productReference = B664917C20790BBE0068133A /* H264Analysis */;
			productType = "com.apple.product-type.tool";
		};
/* End PBXNativeTarget section */

/* Begin PBXProject section */
		B664917420790BBE0068133A /* Project object */ = {
			isa = PBXProject;
			attributes = {
				LastUpgradeCheck = 0920;
				ORGANIZATIONNAME = Jinmmer;
				TargetAttributes = {
					B664917B20790BBE0068133A = {
						CreatedOnToolsVersion = 9.2;
						ProvisioningStyle = Automatic;
					};
				};
			};
			buildConfigurationList = B664917720790BBE0068133A /* Build configuration list for PBXProject "H264Analysis" */;
			compatibilityVersion = "Xcode 8.0";
			developmentRegion = en;
			hasScannedForEncodings = 0;
			knownRegions = (
				en,
			);
			mainGroup = B664917320790BBE0068133A;
			productRefGroup = B664917D20790BBE0068133A /* Products */;
			projectDirPath = "";
			projectRoot = "";
			targets = (
				B664917B20790BBE0068133A /* H264Analysis */,
			);
		};
/* End PBXProject section */

/* Begin PBXSourcesBuildPhase section */
		B664917820790BBE0068133A /* Sources */ = {
			isa = PBXSourcesBuildPhase;
			buildActionMask = 2147483647;
			files = (
				B634FE8520AE876A007E4E8F /* slice.c in Sources */,
				B634FE7D20AC0BEF007E4E8F /* decode.c in Sources */,
				B634F4DF20AAD31B007E4E8F /* parset.c in Sources */,
				B634FE7620AC0804007E4E8F /* stream.c in Sources */,
				B634FE8220AE6892007E4E8F /* header.c in Sources */,
				B634FE7920AC083B007E4E8F /* nalu.c in Sources */,
			);
			runOnlyForDeploymentPostprocessing = 0;
		};
/* End PBXSourcesBuildPhase section */

/* Begin XCBuildConfiguration section */
		B664918120790BBE0068133A /* Debug */ = {
			isa = XCBuildConfiguration;
			buildSettings = {
				ALWAYS_SEARCH_USER_PATHS = NO;
				CLANG_ANALYZER_NONNULL = YES;
				CLANG_ANALYZER_NUMBER_OBJECT_CONVERSION = YES_AGGRESSIVE;
				CLANG_CXX_LANGUAGE_STANDARD = "gnu++14";
				CLANG_CXX_LIBRARY = "libc++";
				CLANG_ENABLE_MODULES = YES;
				CLANG_ENABLE_OBJC_ARC = YES;
				CLANG_WARN_BLOCK_CAPTURE_AUTORELEASING = YES;
				CLANG_WARN_BOOL_CONVERSION = YES;
				CLANG_WARN_COMMA = YES;
				CLANG_WARN_CONSTANT_CONVERSION = YES;
				CLANG_WARN_DIRECT_OBJC_ISA_USAGE = YES_ERROR;
				CLANG_WARN_DOCUMENTATION_COMMENTS = YES;
				CLANG_WARN_EMPTY_BODY = YES;
				CLANG_WARN_ENUM_CONVERSION = YES;
				CLANG_WARN_INFINITE_RECURSION = YES;
				CLANG_WARN_INT_CONVERSION = YES;
				CLANG_WARN_NON_LITERAL_NULL_CONVERSION = YES;
				CLANG_WARN_OBJC_LITERAL_CONVERSION = YES;
				CLANG_WARN_OBJC_ROOT_CLASS = YES_ERROR;
				CLANG_WARN_RANGE_LOOP_ANALYSIS = YES;
				CLANG_WARN_STRICT_PROTOTYPES = YES;
				CLANG_WARN_SUSPICIOUS_MOVE = YES;
				CLANG_WARN_UNGUARDED_AVAILABILITY = YES_AGGRESSIVE;
				CLANG_WARN_UNREACHABLE_CODE = YES;
				CLANG_WARN__DUPLICATE_METHOD_MATCH = YES;
				CODE_SIGN_IDENTITY = "-";
				COPY_PHASE_STRIP = NO;
				DEBUG_INFORMATION_FORMAT = dwarf;
				ENABLE_STRICT_OBJC_MSGSEND = YES;
				ENABLE_TESTABILITY = YES;
				GCC_C_LANGUAGE_STANDARD = gnu11;
				GCC_DYNAMIC_NO_PIC = NO;
				GCC_NO_COMMON_BLOCKS = YES;
				GCC_OPTIMIZATION_LEVEL = 0;
				GCC_PREPROCESSOR_DEFINITIONS = (
					"DEBUG=1",
					"$(inherited)",
				);
				GCC_WARN_64_TO_32_BIT_CONVERSION = YES;
				GCC_WARN_ABOUT_RETURN_TYPE = YES_ERROR;
				GCC_WARN_UNDECLARED_SELECTOR = YES;
				GCC_WARN_UNINITIALIZED_AUTOS = YES_AGGRESSIVE;
				GCC_WARN_UNUSED_FUNCTION = YES;
				GCC_WARN_UNUSED_VARIABLE = YES;
				MACOSX_DEPLOYMENT_TARGET = 10.13;
				MTL_ENABLE_DEBUG_INFO = YES;
				ONLY_ACTIVE_ARCH = YES;
				SDKROOT = macosx;
			};
			name = Debug;
		};
		B664918220790BBE0068133A /* Release */ = {
			isa = XCBuildConfiguration;
			buildSettings = {
				ALWAYS_SEARCH_USER_PATHS = NO;
				CLANG_ANALYZER_NONNULL = YES;
				CLANG_ANALYZER_NUMBER_OBJECT_CONVERSION = YES_AGGRESSIVE;
				CLANG_CXX_LANGUAGE_STANDARD = "gnu++14";
				CLANG_CXX_LIBRARY = "libc++";
				CLANG_ENABLE_MODULES = YES;
				CLANG_ENABLE_OBJC_ARC = YES;
				CLANG_WARN_BLOCK_CAPTURE_AUTORELEASING = YES;
				CLANG_WARN_BOOL_CONVERSION = YES;
				CLANG_WARN_COMMA = YES;
				CLANG_WARN_CONSTANT_CONVERSION = YES;
				CLANG_WARN_DIRECT_OBJC_ISA_USAGE = YES_ERROR;
				CLANG_WARN_DOCUMENTATION_COMMENTS = YES;
				CLANG_WARN_EMPTY_BODY = YES;
				CLANG_WARN_ENUM_CONVERSION = YES;
				CLANG_WARN_INFINITE_RECURSION = YES;
				CLANG_WARN_INT_CONVERSION = YES;
				CLANG_WARN_NON_LITERAL_NULL_CONVERSION = YES;
				CLANG_WARN_OBJC_LITERAL_CONVERSION = YES;
				CLANG_WARN_OBJC_ROOT_CLASS = YES_ERROR;
				CLANG_WARN_RANGE_LOOP_ANALYSIS = YES;
				CLANG_WARN_STRICT_PROTOTYPES = YES;
				CLANG_WARN_SUSPICIOUS_MOVE = YES;
				CLANG_WARN_UNGUARDED_AVAILABILITY = YES_AGGRESSIVE;
				CLANG_WARN_UNREACHABLE_CODE = YES;
				CLANG_WARN__DUPLICATE_METHOD_MATCH = YES;
				CODE_SIGN_IDENTITY = "-";
				COPY_PHASE_STRIP = NO;
				DEBUG_INFORMATION_FORMAT = "dwarf-with-dsym";
				ENABLE_NS_ASSERTIONS = NO;
				ENABLE_STRICT_OBJC_MSGSEND = YES;
				GCC_C_LANGUAGE_STANDARD = gnu11;
				GCC_NO_COMMON_BLOCKS = YES;
				GCC_WARN_64_TO_32_BIT_CONVERSION = YES;
				GCC_WARN_ABOUT_RETURN_TYPE = YES_ERROR;
				GCC_WARN_UNDECLARED_SELECTOR = YES;
				GCC_WARN_UNINITIALIZED_AUTOS = YES_AGGRESSIVE;
				GCC_WARN_UNUSED_FUNCTION = YES;
				GCC_WARN_UNUSED_VARIABLE = YES;
				MACOSX_DEPLOYMENT_TARGET = 10.13;
				MTL_ENABLE_DEBUG_INFO = NO;
				SDKROOT = macosx;
			};
			name = Release;
		};
		B664918420790BBE0068133A /* Debug */ = {
			isa = XCBuildConfiguration;
			buildSettings = {
				CODE_SIGN_STYLE = Automatic;
				GCC_NO_COMMON_BLOCKS = NO;
				PRODUCT_NAME = "$(TARGET_NAME)";
			};
			name = Debug;
		};
		B664918520790BBE0068133A /* Release */ = {
			isa = XCBuildConfiguration;
			buildSettings = {
				CODE_SIGN_STYLE = Automatic;
				GCC_NO_COMMON_BLOCKS = NO;
				PRODUCT_NAME = "$(TARGET_NAME)";
			};
			name = Release;
		};
/* End XCBuildConfiguration section */

/* Begin XCConfigurationList section */
		B664917720790BBE0068133A /* Build configuration list for PBXProject "H264Analysis" */ = {
			isa = XCConfigurationList;
			buildConfigurations = (
				B664918120790BBE0068133A /* Debug */,
				B664918220790BBE0068133A /* Release */,
			);
			defaultConfigurationIsVisible = 0;
			defaultConfigurationName = Release;
		};
		B664918320790BBE0068133A /* Build configuration list for PBXNativeTarget "H264Analysis" */ = {
			isa = XCConfigurationList;
			buildConfigurations = (
				B664918420790BBE0068133A /* Debug */,
				B664918520790BBE0068133A /* Release */,
			);
			defaultConfigurationIsVisible = 0;
			defaultConfigurationName = Release;
		};
/* End XCConfigurationList section */
	};
	rootObject = B664917420790BBE0068133A /* Project object */;
}
